// !$*UTF8*$!
{
	archiveVersion = 1;
	classes = {
	};
	objectVersion = 46;
	objects = {

/* Begin PBXBuildFile section */
		631AB6E512FA906200243329 /* FTCharmap.cpp in Sources */ = {isa = PBXBuildFile; fileRef = 6382AAEA0FB0F19400ECAC02 /* FTCharmap.cpp */; };
		631AB6E712FA906200243329 /* FTFace.cpp in Sources */ = {isa = PBXBuildFile; fileRef = 6382AAEF0FB0F19400ECAC02 /* FTFace.cpp */; };
		631AB6E912FA906200243329 /* FTTextureGlyph.cpp in Sources */ = {isa = PBXBuildFile; fileRef = 6382AB440FB0F29500ECAC02 /* FTTextureGlyph.cpp */; };
		631AB6EB12FA906200243329 /* FTGlyph.cpp in Sources */ = {isa = PBXBuildFile; fileRef = 6382AAF80FB0F19400ECAC02 /* FTGlyph.cpp */; };
		631AB6EC12FA906200243329 /* FTGlyphGlue.cpp in Sources */ = {isa = PBXBuildFile; fileRef = 6382AAF90FB0F19400ECAC02 /* FTGlyphGlue.cpp */; };
		631AB6ED12FA906200243329 /* FTGlyphContainer.cpp in Sources */ = {isa = PBXBuildFile; fileRef = 6382AB030FB0F19400ECAC02 /* FTGlyphContainer.cpp */; };
		631AB6EE12FA906200243329 /* FTLayout.cpp in Sources */ = {isa = PBXBuildFile; fileRef = 6382AB070FB0F19400ECAC02 /* FTLayout.cpp */; };
		631AB6EF12FA906200243329 /* FTLayoutGlue.cpp in Sources */ = {isa = PBXBuildFile; fileRef = 6382AB080FB0F19400ECAC02 /* FTLayoutGlue.cpp */; };
		631AB6F012FA906200243329 /* FTSimpleLayout.cpp in Sources */ = {isa = PBXBuildFile; fileRef = 6382AB0A0FB0F19400ECAC02 /* FTSimpleLayout.cpp */; };
		631AB6F112FA906200243329 /* FTLibrary.cpp in Sources */ = {isa = PBXBuildFile; fileRef = 6382AB0C0FB0F19400ECAC02 /* FTLibrary.cpp */; };
		631AB6F212FA906200243329 /* FTPoint.cpp in Sources */ = {isa = PBXBuildFile; fileRef = 6382AB0F0FB0F19400ECAC02 /* FTPoint.cpp */; };
		631AB6F312FA906200243329 /* FTSize.cpp in Sources */ = {isa = PBXBuildFile; fileRef = 6382AB100FB0F19400ECAC02 /* FTSize.cpp */; };
		631AB6F612FA906200243329 /* FTTextureFont.cpp in Sources */ = {isa = PBXBuildFile; fileRef = 6382AB470FB0F2A000ECAC02 /* FTTextureFont.cpp */; };
		631AB6F712FA906200243329 /* FTFont.cpp in Sources */ = {isa = PBXBuildFile; fileRef = 6382AAD10FB0F16400ECAC02 /* FTFont.cpp */; };
		631AB6F812FA906200243329 /* FTFontGlue.cpp in Sources */ = {isa = PBXBuildFile; fileRef = 6382AAD20FB0F16400ECAC02 /* FTFontGlue.cpp */; };
		631AB70B12FA906200243329 /* ftgles2Glue.cpp in Sources */ = {isa = PBXBuildFile; fileRef = 631AB6AF12FA8D9A00243329 /* ftgles2Glue.cpp */; };
		631AB70F12FA906200243329 /* libFreetype2.a in Frameworks */ = {isa = PBXBuildFile; fileRef = E431F798112E8CDA00E393A2 /* libFreetype2.a */; };
		631AB71012FA906200243329 /* Foundation.framework in Frameworks */ = {isa = PBXBuildFile; fileRef = 1D30AB110D05D00D00671497 /* Foundation.framework */; };
		63A6FE8C0FB1F7AF00C38E72 /* Foundation.framework in Frameworks */ = {isa = PBXBuildFile; fileRef = 1D30AB110D05D00D00671497 /* Foundation.framework */; };
		63A6FE950FB1F7DF00C38E72 /* FTCharmap.cpp in Sources */ = {isa = PBXBuildFile; fileRef = 6382AAEA0FB0F19400ECAC02 /* FTCharmap.cpp */; };
		63A6FE970FB1F7DF00C38E72 /* FTFace.cpp in Sources */ = {isa = PBXBuildFile; fileRef = 6382AAEF0FB0F19400ECAC02 /* FTFace.cpp */; };
		63A6FE990FB1F7DF00C38E72 /* FTTextureGlyph.cpp in Sources */ = {isa = PBXBuildFile; fileRef = 6382AB440FB0F29500ECAC02 /* FTTextureGlyph.cpp */; };
		63A6FE9C0FB1F7DF00C38E72 /* FTGlyph.cpp in Sources */ = {isa = PBXBuildFile; fileRef = 6382AAF80FB0F19400ECAC02 /* FTGlyph.cpp */; };
		63A6FE9D0FB1F7DF00C38E72 /* FTGlyphGlue.cpp in Sources */ = {isa = PBXBuildFile; fileRef = 6382AAF90FB0F19400ECAC02 /* FTGlyphGlue.cpp */; };
		63A6FE9E0FB1F7DF00C38E72 /* FTGlyphContainer.cpp in Sources */ = {isa = PBXBuildFile; fileRef = 6382AB030FB0F19400ECAC02 /* FTGlyphContainer.cpp */; };
		63A6FE9F0FB1F7DF00C38E72 /* FTLayout.cpp in Sources */ = {isa = PBXBuildFile; fileRef = 6382AB070FB0F19400ECAC02 /* FTLayout.cpp */; };
		63A6FEA00FB1F7DF00C38E72 /* FTLayoutGlue.cpp in Sources */ = {isa = PBXBuildFile; fileRef = 6382AB080FB0F19400ECAC02 /* FTLayoutGlue.cpp */; };
		63A6FEA10FB1F7DF00C38E72 /* FTSimpleLayout.cpp in Sources */ = {isa = PBXBuildFile; fileRef = 6382AB0A0FB0F19400ECAC02 /* FTSimpleLayout.cpp */; };
		63A6FEA20FB1F7DF00C38E72 /* FTLibrary.cpp in Sources */ = {isa = PBXBuildFile; fileRef = 6382AB0C0FB0F19400ECAC02 /* FTLibrary.cpp */; };
		63A6FEA30FB1F7DF00C38E72 /* FTPoint.cpp in Sources */ = {isa = PBXBuildFile; fileRef = 6382AB0F0FB0F19400ECAC02 /* FTPoint.cpp */; };
		63A6FEA40FB1F7DF00C38E72 /* FTSize.cpp in Sources */ = {isa = PBXBuildFile; fileRef = 6382AB100FB0F19400ECAC02 /* FTSize.cpp */; };
		63A6FEA70FB1F7DF00C38E72 /* FTTextureFont.cpp in Sources */ = {isa = PBXBuildFile; fileRef = 6382AB470FB0F2A000ECAC02 /* FTTextureFont.cpp */; };
		63A6FEA90FB1F7DF00C38E72 /* FTFont.cpp in Sources */ = {isa = PBXBuildFile; fileRef = 6382AAD10FB0F16400ECAC02 /* FTFont.cpp */; };
		63A6FEAA0FB1F7DF00C38E72 /* FTFontGlue.cpp in Sources */ = {isa = PBXBuildFile; fileRef = 6382AAD20FB0F16400ECAC02 /* FTFontGlue.cpp */; };
		E431F799112E8CE100E393A2 /* libFreetype2.a in Frameworks */ = {isa = PBXBuildFile; fileRef = E431F798112E8CDA00E393A2 /* libFreetype2.a */; };
/* End PBXBuildFile section */

/* Begin PBXContainerItemProxy section */
		631AB6C912FA906200243329 /* PBXContainerItemProxy */ = {
			isa = PBXContainerItemProxy;
			containerPortal = E431F793112E8CDA00E393A2 /* freetype2.xcodeproj */;
			proxyType = 1;
			remoteGlobalIDString = 6382B1B00FB0FC5100ECAC02;
			remoteInfo = Freetype2;
		};
		E431F797112E8CDA00E393A2 /* PBXContainerItemProxy */ = {
			isa = PBXContainerItemProxy;
			containerPortal = E431F793112E8CDA00E393A2 /* freetype2.xcodeproj */;
			proxyType = 2;
			remoteGlobalIDString = 6382B1B10FB0FC5100ECAC02;
			remoteInfo = Freetype2;
		};
		E431F79A112E8CEE00E393A2 /* PBXContainerItemProxy */ = {
			isa = PBXContainerItemProxy;
			containerPortal = E431F793112E8CDA00E393A2 /* freetype2.xcodeproj */;
			proxyType = 1;
			remoteGlobalIDString = 6382B1B00FB0FC5100ECAC02;
			remoteInfo = Freetype2;
		};
/* End PBXContainerItemProxy section */

/* Begin PBXFileReference section */
		1D30AB110D05D00D00671497 /* Foundation.framework */ = {isa = PBXFileReference; lastKnownFileType = wrapper.framework; name = Foundation.framework; path = System/Library/Frameworks/Foundation.framework; sourceTree = SDKROOT; };
		2D500B920D5A79C200DBA0E3 /* OpenGLES.framework */ = {isa = PBXFileReference; lastKnownFileType = wrapper.framework; name = OpenGLES.framework; path = System/Library/Frameworks/OpenGLES.framework; sourceTree = SDKROOT; };
		2D500B990D5A79CF00DBA0E3 /* QuartzCore.framework */ = {isa = PBXFileReference; lastKnownFileType = wrapper.framework; name = QuartzCore.framework; path = System/Library/Frameworks/QuartzCore.framework; sourceTree = SDKROOT; };
		631AB6AF12FA8D9A00243329 /* ftgles2Glue.cpp */ = {isa = PBXFileReference; fileEncoding = 4; lastKnownFileType = sourcecode.cpp.cpp; path = ftgles2Glue.cpp; sourceTree = "<group>"; };
		631AB71412FA906200243329 /* libFTGLES2.a */ = {isa = PBXFileReference; explicitFileType = archive.ar; includeInIndex = 0; path = libFTGLES2.a; sourceTree = BUILT_PRODUCTS_DIR; };
		6382AAD10FB0F16400ECAC02 /* FTFont.cpp */ = {isa = PBXFileReference; fileEncoding = 4; lastKnownFileType = sourcecode.cpp.cpp; path = FTFont.cpp; sourceTree = "<group>"; };
		6382AAD20FB0F16400ECAC02 /* FTFontGlue.cpp */ = {isa = PBXFileReference; fileEncoding = 4; lastKnownFileType = sourcecode.cpp.cpp; path = FTFontGlue.cpp; sourceTree = "<group>"; };
		6382AAD30FB0F16400ECAC02 /* FTFontImpl.h */ = {isa = PBXFileReference; fileEncoding = 4; lastKnownFileType = sourcecode.c.h; path = FTFontImpl.h; sourceTree = "<group>"; };
		6382AAEA0FB0F19400ECAC02 /* FTCharmap.cpp */ = {isa = PBXFileReference; fileEncoding = 4; lastKnownFileType = sourcecode.cpp.cpp; path = FTCharmap.cpp; sourceTree = "<group>"; };
		6382AAEB0FB0F19400ECAC02 /* FTCharmap.h */ = {isa = PBXFileReference; fileEncoding = 4; lastKnownFileType = sourcecode.c.h; path = FTCharmap.h; sourceTree = "<group>"; };
		6382AAEC0FB0F19400ECAC02 /* FTCharToGlyphIndexMap.h */ = {isa = PBXFileReference; fileEncoding = 4; lastKnownFileType = sourcecode.c.h; path = FTCharToGlyphIndexMap.h; sourceTree = "<group>"; };
		6382AAEF0FB0F19400ECAC02 /* FTFace.cpp */ = {isa = PBXFileReference; fileEncoding = 4; lastKnownFileType = sourcecode.cpp.cpp; path = FTFace.cpp; sourceTree = "<group>"; };
		6382AAF00FB0F19400ECAC02 /* FTFace.h */ = {isa = PBXFileReference; fileEncoding = 4; lastKnownFileType = sourcecode.c.h; path = FTFace.h; sourceTree = "<group>"; };
		6382AAF80FB0F19400ECAC02 /* FTGlyph.cpp */ = {isa = PBXFileReference; fileEncoding = 4; lastKnownFileType = sourcecode.cpp.cpp; path = FTGlyph.cpp; sourceTree = "<group>"; };
		6382AAF90FB0F19400ECAC02 /* FTGlyphGlue.cpp */ = {isa = PBXFileReference; fileEncoding = 4; lastKnownFileType = sourcecode.cpp.cpp; path = FTGlyphGlue.cpp; sourceTree = "<group>"; };
		6382AB030FB0F19400ECAC02 /* FTGlyphContainer.cpp */ = {isa = PBXFileReference; fileEncoding = 4; lastKnownFileType = sourcecode.cpp.cpp; path = FTGlyphContainer.cpp; sourceTree = "<group>"; };
		6382AB040FB0F19400ECAC02 /* FTGlyphContainer.h */ = {isa = PBXFileReference; fileEncoding = 4; lastKnownFileType = sourcecode.c.h; path = FTGlyphContainer.h; sourceTree = "<group>"; };
		6382AB050FB0F19400ECAC02 /* FTInternals.h */ = {isa = PBXFileReference; fileEncoding = 4; lastKnownFileType = sourcecode.c.h; path = FTInternals.h; sourceTree = "<group>"; };
		6382AB070FB0F19400ECAC02 /* FTLayout.cpp */ = {isa = PBXFileReference; fileEncoding = 4; lastKnownFileType = sourcecode.cpp.cpp; path = FTLayout.cpp; sourceTree = "<group>"; };
		6382AB080FB0F19400ECAC02 /* FTLayoutGlue.cpp */ = {isa = PBXFileReference; fileEncoding = 4; lastKnownFileType = sourcecode.cpp.cpp; path = FTLayoutGlue.cpp; sourceTree = "<group>"; };
		6382AB090FB0F19400ECAC02 /* FTLayoutImpl.h */ = {isa = PBXFileReference; fileEncoding = 4; lastKnownFileType = sourcecode.c.h; path = FTLayoutImpl.h; sourceTree = "<group>"; };
		6382AB0A0FB0F19400ECAC02 /* FTSimpleLayout.cpp */ = {isa = PBXFileReference; fileEncoding = 4; lastKnownFileType = sourcecode.cpp.cpp; path = FTSimpleLayout.cpp; sourceTree = "<group>"; };
		6382AB0B0FB0F19400ECAC02 /* FTSimpleLayoutImpl.h */ = {isa = PBXFileReference; fileEncoding = 4; lastKnownFileType = sourcecode.c.h; path = FTSimpleLayoutImpl.h; sourceTree = "<group>"; };
		6382AB0C0FB0F19400ECAC02 /* FTLibrary.cpp */ = {isa = PBXFileReference; fileEncoding = 4; lastKnownFileType = sourcecode.cpp.cpp; path = FTLibrary.cpp; sourceTree = "<group>"; };
		6382AB0D0FB0F19400ECAC02 /* FTLibrary.h */ = {isa = PBXFileReference; fileEncoding = 4; lastKnownFileType = sourcecode.c.h; path = FTLibrary.h; sourceTree = "<group>"; };
		6382AB0F0FB0F19400ECAC02 /* FTPoint.cpp */ = {isa = PBXFileReference; fileEncoding = 4; lastKnownFileType = sourcecode.cpp.cpp; path = FTPoint.cpp; sourceTree = "<group>"; };
		6382AB100FB0F19400ECAC02 /* FTSize.cpp */ = {isa = PBXFileReference; fileEncoding = 4; lastKnownFileType = sourcecode.cpp.cpp; path = FTSize.cpp; sourceTree = "<group>"; };
		6382AB110FB0F19400ECAC02 /* FTSize.h */ = {isa = PBXFileReference; fileEncoding = 4; lastKnownFileType = sourcecode.c.h; path = FTSize.h; sourceTree = "<group>"; };
		6382AB120FB0F19400ECAC02 /* FTUnicode.h */ = {isa = PBXFileReference; fileEncoding = 4; lastKnownFileType = sourcecode.c.h; path = FTUnicode.h; sourceTree = "<group>"; };
		6382AB130FB0F19400ECAC02 /* FTVector.h */ = {isa = PBXFileReference; fileEncoding = 4; lastKnownFileType = sourcecode.c.h; path = FTVector.h; sourceTree = "<group>"; };
		6382AB440FB0F29500ECAC02 /* FTTextureGlyph.cpp */ = {isa = PBXFileReference; fileEncoding = 4; lastKnownFileType = sourcecode.cpp.cpp; path = FTTextureGlyph.cpp; sourceTree = "<group>"; };
		6382AB470FB0F2A000ECAC02 /* FTTextureFont.cpp */ = {isa = PBXFileReference; fileEncoding = 4; lastKnownFileType = sourcecode.cpp.cpp; path = FTTextureFont.cpp; sourceTree = "<group>"; };
		6382AB480FB0F2A000ECAC02 /* FTTextureFontImpl.h */ = {isa = PBXFileReference; fileEncoding = 4; lastKnownFileType = sourcecode.c.h; path = FTTextureFontImpl.h; sourceTree = "<group>"; };
		6382AB4A0FB0F2AD00ECAC02 /* FTTextureGlyph.h */ = {isa = PBXFileReference; fileEncoding = 4; lastKnownFileType = sourcecode.c.h; path = FTTextureGlyph.h; sourceTree = "<group>"; };
		63A6FE900FB1F7AF00C38E72 /* libFTGLES.a */ = {isa = PBXFileReference; explicitFileType = archive.ar; includeInIndex = 0; path = libFTGLES.a; sourceTree = BUILT_PRODUCTS_DIR; };
		63AD91AA0FAA140E00A79D15 /* config.h */ = {isa = PBXFileReference; fileEncoding = 4; lastKnownFileType = sourcecode.c.h; path = config.h; sourceTree = "<group>"; };
		63AD934B0FAA1AE100A79D15 /* FTBBox.h */ = {isa = PBXFileReference; fileEncoding = 4; lastKnownFileType = sourcecode.c.h; path = FTBBox.h; sourceTree = "<group>"; };
		63AD93510FAA1AE100A79D15 /* FTFont.h */ = {isa = PBXFileReference; fileEncoding = 4; lastKnownFileType = sourcecode.c.h; path = FTFont.h; sourceTree = "<group>"; };
		63AD93530FAA1AE100A79D15 /* ftgles.h */ = {isa = PBXFileReference; fileEncoding = 4; lastKnownFileType = sourcecode.c.h; path = ftgles.h; sourceTree = "<group>"; };
		63AD93580FAA1AE100A79D15 /* FTGLTextureFont.h */ = {isa = PBXFileReference; fileEncoding = 4; lastKnownFileType = sourcecode.c.h; path = FTGLTextureFont.h; sourceTree = "<group>"; };
		63AD93590FAA1AE100A79D15 /* FTGlyph.h */ = {isa = PBXFileReference; fileEncoding = 4; lastKnownFileType = sourcecode.c.h; path = FTGlyph.h; sourceTree = "<group>"; };
		63AD935A0FAA1AE100A79D15 /* FTLayout.h */ = {isa = PBXFileReference; fileEncoding = 4; lastKnownFileType = sourcecode.c.h; path = FTLayout.h; sourceTree = "<group>"; };
		63AD935D0FAA1AE100A79D15 /* FTPoint.h */ = {isa = PBXFileReference; fileEncoding = 4; lastKnownFileType = sourcecode.c.h; path = FTPoint.h; sourceTree = "<group>"; };
		63AD935F0FAA1AE100A79D15 /* FTSimpleLayout.h */ = {isa = PBXFileReference; fileEncoding = 4; lastKnownFileType = sourcecode.c.h; path = FTSimpleLayout.h; sourceTree = "<group>"; };
		63AD97DC0FAA2A9F00A79D15 /* CoreGraphics.framework */ = {isa = PBXFileReference; lastKnownFileType = wrapper.framework; name = CoreGraphics.framework; path = System/Library/Frameworks/CoreGraphics.framework; sourceTree = SDKROOT; };
		63BA7ABA10A1DA040023F917 /* ftglesGlue.h */ = {isa = PBXFileReference; fileEncoding = 4; lastKnownFileType = sourcecode.c.h; path = ftglesGlue.h; sourceTree = "<group>"; };
		63BA7CB110A1EC6F0023F917 /* AUTHORS */ = {isa = PBXFileReference; fileEncoding = 4; lastKnownFileType = text; path = AUTHORS; sourceTree = "<group>"; };
		B387ACD31831876500E63E15 /* FTColor.h */ = {isa = PBXFileReference; lastKnownFileType = sourcecode.c.h; path = FTColor.h; sourceTree = "<group>"; };
		E431F793112E8CDA00E393A2 /* freetype2.xcodeproj */ = {isa = PBXFileReference; lastKnownFileType = "wrapper.pb-project"; name = freetype2.xcodeproj; path = ../freetype2/freetype2.xcodeproj; sourceTree = SOURCE_ROOT; };
/* End PBXFileReference section */

/* Begin PBXFrameworksBuildPhase section */
		631AB70E12FA906200243329 /* Frameworks */ = {
			isa = PBXFrameworksBuildPhase;
			buildActionMask = 2147483647;
			files = (
				631AB70F12FA906200243329 /* libFreetype2.a in Frameworks */,
				631AB71012FA906200243329 /* Foundation.framework in Frameworks */,
			);
			runOnlyForDeploymentPostprocessing = 0;
		};
		63A6FE8B0FB1F7AF00C38E72 /* Frameworks */ = {
			isa = PBXFrameworksBuildPhase;
			buildActionMask = 2147483647;
			files = (
				E431F799112E8CE100E393A2 /* libFreetype2.a in Frameworks */,
				63A6FE8C0FB1F7AF00C38E72 /* Foundation.framework in Frameworks */,
			);
			runOnlyForDeploymentPostprocessing = 0;
		};
/* End PBXFrameworksBuildPhase section */

/* Begin PBXGroup section */
		19C28FACFE9D520D11CA2CBB /* Products */ = {
			isa = PBXGroup;
			children = (
				63A6FE900FB1F7AF00C38E72 /* libFTGLES.a */,
				631AB71412FA906200243329 /* libFTGLES2.a */,
			);
			name = Products;
			sourceTree = "<group>";
		};
		29B97314FDCFA39411CA2CEA /* CustomTemplate */ = {
			isa = PBXGroup;
			children = (
				E431F77F112E8CCC00E393A2 /* freetype2 */,
				E431F77C112E8C1E00E393A2 /* ftgles */,
				29B97323FDCFA39411CA2CEA /* Frameworks */,
				19C28FACFE9D520D11CA2CBB /* Products */,
			);
			name = CustomTemplate;
			sourceTree = "<group>";
		};
		29B97323FDCFA39411CA2CEA /* Frameworks */ = {
			isa = PBXGroup;
			children = (
				63AD97DC0FAA2A9F00A79D15 /* CoreGraphics.framework */,
				2D500B990D5A79CF00DBA0E3 /* QuartzCore.framework */,
				2D500B920D5A79C200DBA0E3 /* OpenGLES.framework */,
				1D30AB110D05D00D00671497 /* Foundation.framework */,
			);
			name = Frameworks;
			sourceTree = "<group>";
		};
		6382AACA0FB0F16400ECAC02 /* FTFont */ = {
			isa = PBXGroup;
			children = (
				6382AB470FB0F2A000ECAC02 /* FTTextureFont.cpp */,
				6382AB480FB0F2A000ECAC02 /* FTTextureFontImpl.h */,
				6382AAD10FB0F16400ECAC02 /* FTFont.cpp */,
				6382AAD20FB0F16400ECAC02 /* FTFontGlue.cpp */,
				6382AAD30FB0F16400ECAC02 /* FTFontImpl.h */,
			);
			path = FTFont;
			sourceTree = "<group>";
		};
		6382AAF10FB0F19400ECAC02 /* FTGlyph */ = {
			isa = PBXGroup;
			children = (
				6382AB440FB0F29500ECAC02 /* FTTextureGlyph.cpp */,
				6382AAF80FB0F19400ECAC02 /* FTGlyph.cpp */,
				6382AAF90FB0F19400ECAC02 /* FTGlyphGlue.cpp */,
			);
			path = FTGlyph;
			sourceTree = "<group>";
		};
		6382AB060FB0F19400ECAC02 /* FTLayout */ = {
			isa = PBXGroup;
			children = (
				6382AB070FB0F19400ECAC02 /* FTLayout.cpp */,
				6382AB080FB0F19400ECAC02 /* FTLayoutGlue.cpp */,
				6382AB090FB0F19400ECAC02 /* FTLayoutImpl.h */,
				6382AB0A0FB0F19400ECAC02 /* FTSimpleLayout.cpp */,
				6382AB0B0FB0F19400ECAC02 /* FTSimpleLayoutImpl.h */,
			);
			path = FTLayout;
			sourceTree = "<group>";
		};
		63AD932F0FAA1AE100A79D15 /* src */ = {
			isa = PBXGroup;
			children = (
				6382AAEA0FB0F19400ECAC02 /* FTCharmap.cpp */,
				6382AAEB0FB0F19400ECAC02 /* FTCharmap.h */,
				6382AAEC0FB0F19400ECAC02 /* FTCharToGlyphIndexMap.h */,
				6382AAEF0FB0F19400ECAC02 /* FTFace.cpp */,
				6382AAF00FB0F19400ECAC02 /* FTFace.h */,
				6382AAF10FB0F19400ECAC02 /* FTGlyph */,
				6382AB030FB0F19400ECAC02 /* FTGlyphContainer.cpp */,
				6382AB040FB0F19400ECAC02 /* FTGlyphContainer.h */,
				6382AB050FB0F19400ECAC02 /* FTInternals.h */,
				6382AB060FB0F19400ECAC02 /* FTLayout */,
				6382AB0C0FB0F19400ECAC02 /* FTLibrary.cpp */,
				6382AB0D0FB0F19400ECAC02 /* FTLibrary.h */,
				6382AB0F0FB0F19400ECAC02 /* FTPoint.cpp */,
				6382AB100FB0F19400ECAC02 /* FTSize.cpp */,
				6382AB110FB0F19400ECAC02 /* FTSize.h */,
				6382AB120FB0F19400ECAC02 /* FTUnicode.h */,
				6382AB130FB0F19400ECAC02 /* FTVector.h */,
				6382AACA0FB0F16400ECAC02 /* FTFont */,
				63AD934A0FAA1AE100A79D15 /* FTGL */,
			);
			path = src;
			sourceTree = "<group>";
		};
		63AD934A0FAA1AE100A79D15 /* FTGL */ = {
			isa = PBXGroup;
			children = (
				6382AB4A0FB0F2AD00ECAC02 /* FTTextureGlyph.h */,
				63AD934B0FAA1AE100A79D15 /* FTBBox.h */,
				63AD93510FAA1AE100A79D15 /* FTFont.h */,
				63AD93530FAA1AE100A79D15 /* ftgles.h */,
				63AD93580FAA1AE100A79D15 /* FTGLTextureFont.h */,
				63AD93590FAA1AE100A79D15 /* FTGlyph.h */,
				63AD935A0FAA1AE100A79D15 /* FTLayout.h */,
				63AD935D0FAA1AE100A79D15 /* FTPoint.h */,
				63AD935F0FAA1AE100A79D15 /* FTSimpleLayout.h */,
				63BA7ABA10A1DA040023F917 /* ftglesGlue.h */,
				631AB6AF12FA8D9A00243329 /* ftgles2Glue.cpp */,
				B387ACD31831876500E63E15 /* FTColor.h */,
			);
			path = FTGL;
			sourceTree = "<group>";
		};
		E431F77C112E8C1E00E393A2 /* ftgles */ = {
			isa = PBXGroup;
			children = (
				63BA7CB110A1EC6F0023F917 /* AUTHORS */,
				63AD932F0FAA1AE100A79D15 /* src */,
				63AD91AA0FAA140E00A79D15 /* config.h */,
			);
			name = ftgles;
			path = ../../ftgles;
			sourceTree = "<group>";
		};
		E431F77F112E8CCC00E393A2 /* freetype2 */ = {
			isa = PBXGroup;
			children = (
				E431F793112E8CDA00E393A2 /* freetype2.xcodeproj */,
			);
			name = freetype2;
			sourceTree = "<group>";
		};
		E431F794112E8CDA00E393A2 /* Products */ = {
			isa = PBXGroup;
			children = (
				E431F798112E8CDA00E393A2 /* libFreetype2.a */,
			);
			name = Products;
			sourceTree = "<group>";
		};
/* End PBXGroup section */

/* Begin PBXHeadersBuildPhase section */
		631AB6CA12FA906200243329 /* Headers */ = {
			isa = PBXHeadersBuildPhase;
			buildActionMask = 2147483647;
			files = (
			);
			runOnlyForDeploymentPostprocessing = 0;
		};
		63A6FD510FB1F7AF00C38E72 /* Headers */ = {
			isa = PBXHeadersBuildPhase;
			buildActionMask = 2147483647;
			files = (
			);
			runOnlyForDeploymentPostprocessing = 0;
		};
/* End PBXHeadersBuildPhase section */

/* Begin PBXNativeTarget section */
		631AB6C712FA906200243329 /* FTGLES2 */ = {
			isa = PBXNativeTarget;
			buildConfigurationList = 631AB71112FA906200243329 /* Build configuration list for PBXNativeTarget "FTGLES2" */;
			buildPhases = (
				631AB6CA12FA906200243329 /* Headers */,
				631AB6E212FA906200243329 /* Sources */,
				631AB70E12FA906200243329 /* Frameworks */,
			);
			buildRules = (
			);
			dependencies = (
				631AB6C812FA906200243329 /* PBXTargetDependency */,
			);
			name = FTGLES2;
			productName = freetype;
			productReference = 631AB71412FA906200243329 /* libFTGLES2.a */;
			productType = "com.apple.product-type.library.static";
		};
		63A6FD500FB1F7AF00C38E72 /* FTGLES */ = {
			isa = PBXNativeTarget;
			buildConfigurationList = 63A6FE8D0FB1F7AF00C38E72 /* Build configuration list for PBXNativeTarget "FTGLES" */;
			buildPhases = (
				63A6FD510FB1F7AF00C38E72 /* Headers */,
				63A6FDD30FB1F7AF00C38E72 /* Sources */,
				63A6FE8B0FB1F7AF00C38E72 /* Frameworks */,
			);
			buildRules = (
			);
			dependencies = (
				E431F79B112E8CEE00E393A2 /* PBXTargetDependency */,
			);
			name = FTGLES;
			productName = freetype;
			productReference = 63A6FE900FB1F7AF00C38E72 /* libFTGLES.a */;
			productType = "com.apple.product-type.library.static";
		};
/* End PBXNativeTarget section */

/* Begin PBXProject section */
		29B97313FDCFA39411CA2CEA /* Project object */ = {
			isa = PBXProject;
			attributes = {
				LastUpgradeCheck = 0500;
			};
			buildConfigurationList = C01FCF4E08A954540054247B /* Build configuration list for PBXProject "ftgles" */;
			compatibilityVersion = "Xcode 3.2";
			developmentRegion = English;
			hasScannedForEncodings = 1;
			knownRegions = (
				English,
				Japanese,
				French,
				German,
			);
			mainGroup = 29B97314FDCFA39411CA2CEA /* CustomTemplate */;
			projectDirPath = "";
			projectReferences = (
				{
					ProductGroup = E431F794112E8CDA00E393A2 /* Products */;
					ProjectRef = E431F793112E8CDA00E393A2 /* freetype2.xcodeproj */;
				},
			);
			projectRoot = "";
			targets = (
				63A6FD500FB1F7AF00C38E72 /* FTGLES */,
				631AB6C712FA906200243329 /* FTGLES2 */,
			);
		};
/* End PBXProject section */

/* Begin PBXReferenceProxy section */
		E431F798112E8CDA00E393A2 /* libFreetype2.a */ = {
			isa = PBXReferenceProxy;
			fileType = archive.ar;
			path = libFreetype2.a;
			remoteRef = E431F797112E8CDA00E393A2 /* PBXContainerItemProxy */;
			sourceTree = BUILT_PRODUCTS_DIR;
		};
/* End PBXReferenceProxy section */

/* Begin PBXSourcesBuildPhase section */
		631AB6E212FA906200243329 /* Sources */ = {
			isa = PBXSourcesBuildPhase;
			buildActionMask = 2147483647;
			files = (
				631AB6E512FA906200243329 /* FTCharmap.cpp in Sources */,
				631AB6E712FA906200243329 /* FTFace.cpp in Sources */,
				631AB6E912FA906200243329 /* FTTextureGlyph.cpp in Sources */,
				631AB6EB12FA906200243329 /* FTGlyph.cpp in Sources */,
				631AB6EC12FA906200243329 /* FTGlyphGlue.cpp in Sources */,
				631AB6ED12FA906200243329 /* FTGlyphContainer.cpp in Sources */,
				631AB6EE12FA906200243329 /* FTLayout.cpp in Sources */,
				631AB6EF12FA906200243329 /* FTLayoutGlue.cpp in Sources */,
				631AB6F012FA906200243329 /* FTSimpleLayout.cpp in Sources */,
				631AB6F112FA906200243329 /* FTLibrary.cpp in Sources */,
				631AB6F212FA906200243329 /* FTPoint.cpp in Sources */,
				631AB6F312FA906200243329 /* FTSize.cpp in Sources */,
				631AB6F612FA906200243329 /* FTTextureFont.cpp in Sources */,
				631AB6F712FA906200243329 /* FTFont.cpp in Sources */,
				631AB6F812FA906200243329 /* FTFontGlue.cpp in Sources */,
				631AB70B12FA906200243329 /* ftgles2Glue.cpp in Sources */,
			);
			runOnlyForDeploymentPostprocessing = 0;
		};
		63A6FDD30FB1F7AF00C38E72 /* Sources */ = {
			isa = PBXSourcesBuildPhase;
			buildActionMask = 2147483647;
			files = (
				63A6FE950FB1F7DF00C38E72 /* FTCharmap.cpp in Sources */,
				63A6FE970FB1F7DF00C38E72 /* FTFace.cpp in Sources */,
				63A6FE990FB1F7DF00C38E72 /* FTTextureGlyph.cpp in Sources */,
				63A6FE9C0FB1F7DF00C38E72 /* FTGlyph.cpp in Sources */,
				63A6FE9D0FB1F7DF00C38E72 /* FTGlyphGlue.cpp in Sources */,
				63A6FE9E0FB1F7DF00C38E72 /* FTGlyphContainer.cpp in Sources */,
				63A6FE9F0FB1F7DF00C38E72 /* FTLayout.cpp in Sources */,
				63A6FEA00FB1F7DF00C38E72 /* FTLayoutGlue.cpp in Sources */,
				63A6FEA10FB1F7DF00C38E72 /* FTSimpleLayout.cpp in Sources */,
				63A6FEA20FB1F7DF00C38E72 /* FTLibrary.cpp in Sources */,
				63A6FEA30FB1F7DF00C38E72 /* FTPoint.cpp in Sources */,
				63A6FEA40FB1F7DF00C38E72 /* FTSize.cpp in Sources */,
				63A6FEA70FB1F7DF00C38E72 /* FTTextureFont.cpp in Sources */,
				63A6FEA90FB1F7DF00C38E72 /* FTFont.cpp in Sources */,
				63A6FEAA0FB1F7DF00C38E72 /* FTFontGlue.cpp in Sources */,
			);
			runOnlyForDeploymentPostprocessing = 0;
		};
/* End PBXSourcesBuildPhase section */

/* Begin PBXTargetDependency section */
		631AB6C812FA906200243329 /* PBXTargetDependency */ = {
			isa = PBXTargetDependency;
			name = Freetype2;
			targetProxy = 631AB6C912FA906200243329 /* PBXContainerItemProxy */;
		};
		E431F79B112E8CEE00E393A2 /* PBXTargetDependency */ = {
			isa = PBXTargetDependency;
			name = Freetype2;
			targetProxy = E431F79A112E8CEE00E393A2 /* PBXContainerItemProxy */;
		};
/* End PBXTargetDependency section */

/* Begin XCBuildConfiguration section */
		631AB71212FA906200243329 /* Debug */ = {
			isa = XCBuildConfiguration;
			buildSettings = {
				ALWAYS_SEARCH_USER_PATHS = YES;
				COPY_PHASE_STRIP = NO;
				DEAD_CODE_STRIPPING = NO;
				GCC_DYNAMIC_NO_PIC = NO;
				GCC_ENABLE_SYMBOL_SEPARATION = YES;
				GCC_INLINES_ARE_PRIVATE_EXTERN = NO;
				GCC_LINK_WITH_DYNAMIC_LIBRARIES = YES;
				GCC_OPTIMIZATION_LEVEL = 0;
				GCC_PREPROCESSOR_DEFINITIONS = (
					"FTGLES2=1",
					"DEBUG=1",
					"FT2_BUILD_LIBRARY=1",
					"FT_OPTION_AUTOFIT2=1",
				);
				GCC_THUMB_SUPPORT = NO;
				GCC_VERSION = com.apple.compilers.llvm.clang.1_0;
				GENERATE_PKGINFO_FILE = YES;
				HEADER_SEARCH_PATHS = "../../freetype-2.3.9/include/freetype/**";
				IPHONEOS_DEPLOYMENT_TARGET = 3.0;
				ONLY_ACTIVE_ARCH = NO;
				OTHER_LDFLAGS = "";
				PREBINDING = NO;
				PRECOMPS_INCLUDE_HEADERS_FROM_BUILT_PRODUCTS_DIR = NO;
				PRODUCT_NAME = FTGLES2;
				SCAN_ALL_SOURCE_FILES_FOR_INCLUDES = YES;
				SDKROOT = iphoneos;
				USER_HEADER_SEARCH_PATHS = "../../freetype-2.3.9/include ../../ftgles/src";
				WARNING_CFLAGS = "-Wall";
			};
			name = Debug;
		};
		631AB71312FA906200243329 /* Release */ = {
			isa = XCBuildConfiguration;
			buildSettings = {
				ALWAYS_SEARCH_USER_PATHS = YES;
				COMPRESS_PNG_FILES = NO;
				COPY_PHASE_STRIP = YES;
				DEAD_CODE_STRIPPING = NO;
				DEBUG_INFORMATION_FORMAT = "dwarf-with-dsym";
				GCC_ENABLE_FIX_AND_CONTINUE = NO;
				GCC_GENERATE_DEBUGGING_SYMBOLS = NO;
				GCC_OPTIMIZATION_LEVEL = 2;
				GCC_PREPROCESSOR_DEFINITIONS = (
					"FTGLES2=1",
					"FT_OPTION_AUTOFIT2=1",
					"FT2_BUILD_LIBRARY=1",
				);
				GCC_THUMB_SUPPORT = YES;
				GCC_VERSION = com.apple.compilers.llvm.clang.1_0;
				GENERATE_PKGINFO_FILE = YES;
				HEADER_SEARCH_PATHS = "../../freetype-2.3.9/include/freetype/**";
				IPHONEOS_DEPLOYMENT_TARGET = 3.0;
				ONLY_ACTIVE_ARCH = NO;
				OTHER_CFLAGS = "";
				PREBINDING = NO;
				PRECOMPS_INCLUDE_HEADERS_FROM_BUILT_PRODUCTS_DIR = NO;
				PRODUCT_NAME = FTGLES2;
				SCAN_ALL_SOURCE_FILES_FOR_INCLUDES = YES;
				SDKROOT = iphoneos;
				USER_HEADER_SEARCH_PATHS = "../../ftgles/src ../../freetype-2.3.9/include";
				WARNING_CFLAGS = "-Wall";
				ZERO_LINK = NO;
			};
			name = Release;
		};
		63A6FE8E0FB1F7AF00C38E72 /* Debug */ = {
			isa = XCBuildConfiguration;
			buildSettings = {
				ALWAYS_SEARCH_USER_PATHS = YES;
				COPY_PHASE_STRIP = NO;
				DEAD_CODE_STRIPPING = NO;
				GCC_DYNAMIC_NO_PIC = NO;
				GCC_ENABLE_SYMBOL_SEPARATION = YES;
				GCC_INLINES_ARE_PRIVATE_EXTERN = NO;
				GCC_LINK_WITH_DYNAMIC_LIBRARIES = YES;
				GCC_OPTIMIZATION_LEVEL = 0;
				GCC_PREPROCESSOR_DEFINITIONS = (
					"DEBUG=1",
					"FT2_BUILD_LIBRARY=1",
					"FT_OPTION_AUTOFIT2=1",
				);
				GCC_THUMB_SUPPORT = NO;
				GCC_VERSION = com.apple.compilers.llvm.clang.1_0;
				GENERATE_PKGINFO_FILE = YES;
				HEADER_SEARCH_PATHS = "../../freetype-2.3.9/include/freetype/**";
				IPHONEOS_DEPLOYMENT_TARGET = 3.0;
				ONLY_ACTIVE_ARCH = NO;
				OTHER_LDFLAGS = "";
				PREBINDING = NO;
				PRECOMPS_INCLUDE_HEADERS_FROM_BUILT_PRODUCTS_DIR = NO;
				PRODUCT_NAME = FTGLES;
				SCAN_ALL_SOURCE_FILES_FOR_INCLUDES = YES;
				SDKROOT = iphoneos;
				USER_HEADER_SEARCH_PATHS = "../../freetype-2.3.9/include ../../ftgles/src";
				WARNING_CFLAGS = "-Wall";
			};
			name = Debug;
		};
		63A6FE8F0FB1F7AF00C38E72 /* Release */ = {
			isa = XCBuildConfiguration;
			buildSettings = {
				ALWAYS_SEARCH_USER_PATHS = YES;
				COMPRESS_PNG_FILES = NO;
				COPY_PHASE_STRIP = YES;
				DEAD_CODE_STRIPPING = NO;
				DEBUG_INFORMATION_FORMAT = "dwarf-with-dsym";
				GCC_ENABLE_FIX_AND_CONTINUE = NO;
				GCC_GENERATE_DEBUGGING_SYMBOLS = NO;
				GCC_OPTIMIZATION_LEVEL = 2;
				GCC_PREPROCESSOR_DEFINITIONS = (
					"FT_OPTION_AUTOFIT2=1",
					"FT2_BUILD_LIBRARY=1",
				);
				GCC_THUMB_SUPPORT = YES;
				GCC_VERSION = com.apple.compilers.llvm.clang.1_0;
				GENERATE_PKGINFO_FILE = YES;
				HEADER_SEARCH_PATHS = "../../freetype-2.3.9/include/freetype/**";
				IPHONEOS_DEPLOYMENT_TARGET = 3.0;
				ONLY_ACTIVE_ARCH = NO;
				OTHER_CFLAGS = "";
				PREBINDING = NO;
				PRECOMPS_INCLUDE_HEADERS_FROM_BUILT_PRODUCTS_DIR = NO;
				PRODUCT_NAME = FTGLES;
				SCAN_ALL_SOURCE_FILES_FOR_INCLUDES = YES;
				SDKROOT = iphoneos;
				USER_HEADER_SEARCH_PATHS = "../../ftgles/src ../../freetype-2.3.9/include";
				WARNING_CFLAGS = "-Wall";
				ZERO_LINK = NO;
			};
			name = Release;
		};
		C01FCF4F08A954540054247B /* Debug */ = {
			isa = XCBuildConfiguration;
			buildSettings = {
				CODE_SIGN_IDENTITY = "iPhone Developer: David Petrie (DFQZ94R4C6)";
				COMPRESS_PNG_FILES = NO;
				HEADER_SEARCH_PATHS = "";
				IPHONEOS_DEPLOYMENT_TARGET = 2.0;
				ONLY_ACTIVE_ARCH = YES;
				PROVISIONING_PROFILE = "2F9B69AF-CD22-482D-8459-3C8DA79AF8C5";
				SDKROOT = iphoneos;
				STRIP_INSTALLED_PRODUCT = NO;
				USER_HEADER_SEARCH_PATHS = "";
			};
			name = Debug;
		};
		C01FCF5008A954540054247B /* Release */ = {
			isa = XCBuildConfiguration;
			buildSettings = {
				HEADER_SEARCH_PATHS = "";
				SDKROOT = iphoneos;
			};
			name = Release;
		};
/* End XCBuildConfiguration section */

/* Begin XCConfigurationList section */
		631AB71112FA906200243329 /* Build configuration list for PBXNativeTarget "FTGLES2" */ = {
			isa = XCConfigurationList;
			buildConfigurations = (
				631AB71212FA906200243329 /* Debug */,
				631AB71312FA906200243329 /* Release */,
			);
			defaultConfigurationIsVisible = 0;
			defaultConfigurationName = Release;
		};
		63A6FE8D0FB1F7AF00C38E72 /* Build configuration list for PBXNativeTarget "FTGLES" */ = {
			isa = XCConfigurationList;
			buildConfigurations = (
				63A6FE8E0FB1F7AF00C38E72 /* Debug */,
				63A6FE8F0FB1F7AF00C38E72 /* Release */,
			);
			defaultConfigurationIsVisible = 0;
			defaultConfigurationName = Release;
		};
		C01FCF4E08A954540054247B /* Build configuration list for PBXProject "ftgles" */ = {
			isa = XCConfigurationList;
			buildConfigurations = (
				C01FCF4F08A954540054247B /* Debug */,
				C01FCF5008A954540054247B /* Release */,
			);
			defaultConfigurationIsVisible = 0;
			defaultConfigurationName = Release;
		};
/* End XCConfigurationList section */
	};
	rootObject = 29B97313FDCFA39411CA2CEA /* Project object */;
}
